
Microsoft Visual Studio Solution File, Format Version 12.00
# Visual Studio Version 16
VisualStudioVersion = 16.0.30011.22
MinimumVisualStudioVersion = 10.0.40219.1
Project("{9A19103F-16F7-4668-BE54-9A1E7A4F7556}") = "Shell", "Shell\Shell.csproj", "{CFC5C94B-87FB-46D3-AA88-87372A1D5314}"
EndProject
Project("{2150E333-8FDC-42A3-9474-1A3956D46DE8}") = "Modules", "Modules", "{C61A656E-515E-4911-AE99-A84B699992BD}"
EndProject
Project("{9A19103F-16F7-4668-BE54-9A1E7A4F7556}") = "CommonServicesModule", "Modules\CommonServicesModule\CommonServicesModule.csproj", "{249554B8-60F8-4AEB-A033-F533D8C07B48}"
EndProject
Project("{9A19103F-16F7-4668-BE54-9A1E7A4F7556}") = "MainModule", "Modules\MainModule\MainModule.csproj", "{7DF4675C-FD41-4B91-8F55-09CBA0791211}"
EndProject
Project("{9A19103F-16F7-4668-BE54-9A1E7A4F7556}") = "Core", "Core\Core.csproj", "{E274215D-3212-4598-ADC7-2CB224331B71}"
EndProject

Global
	GlobalSection(SolutionConfigurationPlatforms) = preSolution
		Debug|Any CPU = Debug|Any CPU
		Release|Any CPU = Release|Any CPU
	EndGlobalSection
	GlobalSection(ProjectConfigurationPlatforms) = postSolution
		{CFC5C94B-87FB-46D3-AA88-87372A1D5314}.Debug|Any CPU.ActiveCfg = Debug|Any CPU
		{CFC5C94B-87FB-46D3-AA88-87372A1D5314}.Debug|Any CPU.Build.0 = Debug|Any CPU
		{CFC5C94B-87FB-46D3-AA88-87372A1D5314}.Release|Any CPU.ActiveCfg = Release|Any CPU
		{CFC5C94B-87FB-46D3-AA88-87372A1D5314}.Release|Any CPU.Build.0 = Release|Any CPU
		{249554B8-60F8-4AEB-A033-F533D8C07B48}.Debug|Any CPU.ActiveCfg = Debug|Any CPU
		{249554B8-60F8-4AEB-A033-F533D8C07B48}.Debug|Any CPU.Build.0 = Debug|Any CPU
		{249554B8-60F8-4AEB-A033-F533D8C07B48}.Release|Any CPU.ActiveCfg = Release|Any CPU
		{249554B8-60F8-4AEB-A033-F533D8C07B48}.Release|Any CPU.Build.0 = Release|Any CPU
		{7DF4675C-FD41-4B91-8F55-09CBA0791211}.Debug|Any CPU.ActiveCfg = Debug|Any CPU
		{7DF4675C-FD41-4B91-8F55-09CBA0791211}.Debug|Any CPU.Build.0 = Debug|Any CPU
		{7DF4675C-FD41-4B91-8F55-09CBA0791211}.Release|Any CPU.ActiveCfg = Release|Any CPU
		{7DF4675C-FD41-4B91-8F55-09CBA0791211}.Release|Any CPU.Build.0 = Release|Any CPU
		{E274215D-3212-4598-ADC7-2CB224331B71}.Debug|Any CPU.ActiveCfg = Debug|Any CPU
		{E274215D-3212-4598-ADC7-2CB224331B71}.Debug|Any CPU.Build.0 = Debug|Any CPU
		{E274215D-3212-4598-ADC7-2CB224331B71}.Release|Any CPU.ActiveCfg = Release|Any CPU
		{E274215D-3212-4598-ADC7-2CB224331B71}.Release|Any CPU.Build.0 = Release|Any CPU
	EndGlobalSection
	
	GlobalSection(SolutionProperties) = preSolution
		HideSolutionNode = FALSE
	EndGlobalSection
	
	GlobalSection(NestedProjects) = preSolution
		{249554B8-60F8-4AEB-A033-F533D8C07B48} = {C61A656E-515E-4911-AE99-A84B699992BD}
		{7DF4675C-FD41-4B91-8F55-09CBA0791211} = {C61A656E-515E-4911-AE99-A84B699992BD}
	EndGlobalSection
	
	GlobalSection(ExtensibilityGlobals) = postSolution
		SolutionGuid = {C5B99288-3DFE-4FBB-9D92-4C81B78F8A30}
	EndGlobalSection
EndGlobal
